// !$*UTF8*$!
{
	archiveVersion = 1;
	classes = {
	};
	objectVersion = 51;
	objects = {

/* Begin PBXBuildFile section */
		6210233426B409A500714327 /* NetworkConnection.swift in Sources */ = {isa = PBXBuildFile; fileRef = 6210233326B409A500714327 /* NetworkConnection.swift */; };
		622B2C7C26B8086C0044A2AB /* DecoderViewController.swift in Sources */ = {isa = PBXBuildFile; fileRef = 622B2C7B26B8086C0044A2AB /* DecoderViewController.swift */; };
		622B2C8026B808B20044A2AB /* VideoFileReader.swift in Sources */ = {isa = PBXBuildFile; fileRef = 622B2C7F26B808B20044A2AB /* VideoFileReader.swift */; };
		6238606126B81352004DFD54 /* mtv.h264 in Resources */ = {isa = PBXBuildFile; fileRef = 6238605F26B812BC004DFD54 /* mtv.h264 */; };
		623A8F4026B1A391008BF0F2 /* ImageVC.swift in Sources */ = {isa = PBXBuildFile; fileRef = 623A8F3F26B1A391008BF0F2 /* ImageVC.swift */; };
		625739FD2697271F00FF507C /* AppDelegate.swift in Sources */ = {isa = PBXBuildFile; fileRef = 625739FC2697271F00FF507C /* AppDelegate.swift */; };
		62573A042697271F00FF507C /* Main.storyboard in Resources */ = {isa = PBXBuildFile; fileRef = 62573A022697271F00FF507C /* Main.storyboard */; };
		62573A062697272100FF507C /* Assets.xcassets in Resources */ = {isa = PBXBuildFile; fileRef = 62573A052697272100FF507C /* Assets.xcassets */; };
		62573A092697272100FF507C /* LaunchScreen.storyboard in Resources */ = {isa = PBXBuildFile; fileRef = 62573A072697272100FF507C /* LaunchScreen.storyboard */; };
		62573A162697298E00FF507C /* TweetDetailView.swift in Sources */ = {isa = PBXBuildFile; fileRef = 62573A152697298E00FF507C /* TweetDetailView.swift */; };
		62573A2A26973BBF00FF507C /* ViewModelType.swift in Sources */ = {isa = PBXBuildFile; fileRef = 62573A2926973BBF00FF507C /* ViewModelType.swift */; };
		62573A3026973C1500FF507C /* TweetMapView.swift in Sources */ = {isa = PBXBuildFile; fileRef = 62573A2E26973C1500FF507C /* TweetMapView.swift */; };
		62573A3126973C1500FF507C /* TweetMapViewModel.swift in Sources */ = {isa = PBXBuildFile; fileRef = 62573A2F26973C1500FF507C /* TweetMapViewModel.swift */; };
		62573A3D269741A600FF507C /* Storyboard.swift in Sources */ = {isa = PBXBuildFile; fileRef = 62573A3C269741A600FF507C /* Storyboard.swift */; };
		62573A40269741DA00FF507C /* Instantiatable.swift in Sources */ = {isa = PBXBuildFile; fileRef = 62573A3F269741DA00FF507C /* Instantiatable.swift */; };
		62573A45269741FB00FF507C /* Injectable.swift in Sources */ = {isa = PBXBuildFile; fileRef = 62573A44269741FB00FF507C /* Injectable.swift */; };
		62573A49269742D300FF507C /* TweetDetailViewModel.swift in Sources */ = {isa = PBXBuildFile; fileRef = 62573A48269742D300FF507C /* TweetDetailViewModel.swift */; };
		62573A4D2697453000FF507C /* UIViewController.swift in Sources */ = {isa = PBXBuildFile; fileRef = 62573A4C2697453000FF507C /* UIViewController.swift */; };
		62573A502697459400FF507C /* ViewLoadBeforeInject.swift Go to file  ViewLoadBeforeInject.swift in Sources */ = {isa = PBXBuildFile; fileRef = 62573A4F2697459400FF507C /* ViewLoadBeforeInject.swift Go to file  ViewLoadBeforeInject.swift */; };
		62573A552697643F00FF507C /* NetworkServiceProvider.swift in Sources */ = {isa = PBXBuildFile; fileRef = 62573A542697643F00FF507C /* NetworkServiceProvider.swift */; };
		62573A592697671B00FF507C /* NetworkService.swift in Sources */ = {isa = PBXBuildFile; fileRef = 62573A582697671B00FF507C /* NetworkService.swift */; };
		62573A5D2697684300FF507C /* TweetService.swift in Sources */ = {isa = PBXBuildFile; fileRef = 62573A5C2697684300FF507C /* TweetService.swift */; };
		62573A662698742600FF507C /* ApiError.swift in Sources */ = {isa = PBXBuildFile; fileRef = 62573A652698742600FF507C /* ApiError.swift */; };
		62573A692698746100FF507C /* AppError.swift in Sources */ = {isa = PBXBuildFile; fileRef = 62573A682698746100FF507C /* AppError.swift */; };
		62573A712698A1E100FF507C /* GeoTweet.swift in Sources */ = {isa = PBXBuildFile; fileRef = 62573A702698A1E100FF507C /* GeoTweet.swift */; };
		62B2234F269C27C9009BF518 /* TwitterResponse.swift in Sources */ = {isa = PBXBuildFile; fileRef = 62B2234E269C27C9009BF518 /* TwitterResponse.swift */; };
		62B22352269C2A0C009BF518 /* Rule.swift in Sources */ = {isa = PBXBuildFile; fileRef = 62B22351269C2A0C009BF518 /* Rule.swift */; };
		62B22356269C33C9009BF518 /* UIApplication.swift in Sources */ = {isa = PBXBuildFile; fileRef = 62B22355269C33C9009BF518 /* UIApplication.swift */; };
		62B2235A269C3840009BF518 /* AddRule.swift in Sources */ = {isa = PBXBuildFile; fileRef = 62B22359269C3840009BF518 /* AddRule.swift */; };
		62B2235D269C3853009BF518 /* RemoveRule.swift in Sources */ = {isa = PBXBuildFile; fileRef = 62B2235C269C3853009BF518 /* RemoveRule.swift */; };
		F894BF7975AD5E7D14BA86A5 /* Pods_tweets_map.framework in Frameworks */ = {isa = PBXBuildFile; fileRef = 4B6A02591EA497406E0375F8 /* Pods_tweets_map.framework */; };
/* End PBXBuildFile section */

/* Begin PBXFileReference section */
		05BCEF1A7D978DE1286D256E /* Pods-tweets-map.release.xcconfig */ = {isa = PBXFileReference; includeInIndex = 1; lastKnownFileType = text.xcconfig; name = "Pods-tweets-map.release.xcconfig"; path = "Target Support Files/Pods-tweets-map/Pods-tweets-map.release.xcconfig"; sourceTree = "<group>"; };
		4B6A02591EA497406E0375F8 /* Pods_tweets_map.framework */ = {isa = PBXFileReference; explicitFileType = wrapper.framework; includeInIndex = 0; path = Pods_tweets_map.framework; sourceTree = BUILT_PRODUCTS_DIR; };
		6210233326B409A500714327 /* NetworkConnection.swift */ = {isa = PBXFileReference; lastKnownFileType = sourcecode.swift; path = NetworkConnection.swift; sourceTree = "<group>"; };
		622B2C7B26B8086C0044A2AB /* DecoderViewController.swift */ = {isa = PBXFileReference; lastKnownFileType = sourcecode.swift; path = DecoderViewController.swift; sourceTree = "<group>"; };
		622B2C7F26B808B20044A2AB /* VideoFileReader.swift */ = {isa = PBXFileReference; lastKnownFileType = sourcecode.swift; path = VideoFileReader.swift; sourceTree = "<group>"; };
		6238605F26B812BC004DFD54 /* mtv.h264 */ = {isa = PBXFileReference; lastKnownFileType = file; path = mtv.h264; sourceTree = "<group>"; };
		623A8F3F26B1A391008BF0F2 /* ImageVC.swift */ = {isa = PBXFileReference; lastKnownFileType = sourcecode.swift; path = ImageVC.swift; sourceTree = "<group>"; };
		625739F92697271F00FF507C /* tweets-map.app */ = {isa = PBXFileReference; explicitFileType = wrapper.application; includeInIndex = 0; path = "tweets-map.app"; sourceTree = BUILT_PRODUCTS_DIR; };
		625739FC2697271F00FF507C /* AppDelegate.swift */ = {isa = PBXFileReference; lastKnownFileType = sourcecode.swift; path = AppDelegate.swift; sourceTree = "<group>"; };
		62573A032697271F00FF507C /* Base */ = {isa = PBXFileReference; lastKnownFileType = file.storyboard; name = Base; path = Base.lproj/Main.storyboard; sourceTree = "<group>"; };
		62573A052697272100FF507C /* Assets.xcassets */ = {isa = PBXFileReference; lastKnownFileType = folder.assetcatalog; path = Assets.xcassets; sourceTree = "<group>"; };
		62573A082697272100FF507C /* Base */ = {isa = PBXFileReference; lastKnownFileType = file.storyboard; name = Base; path = Base.lproj/LaunchScreen.storyboard; sourceTree = "<group>"; };
		62573A0A2697272100FF507C /* Info.plist */ = {isa = PBXFileReference; lastKnownFileType = text.plist.xml; path = Info.plist; sourceTree = "<group>"; };
		62573A152697298E00FF507C /* TweetDetailView.swift */ = {isa = PBXFileReference; lastKnownFileType = sourcecode.swift; path = TweetDetailView.swift; sourceTree = "<group>"; };
		62573A2926973BBF00FF507C /* ViewModelType.swift */ = {isa = PBXFileReference; lastKnownFileType = sourcecode.swift; path = ViewModelType.swift; sourceTree = "<group>"; };
		62573A2E26973C1500FF507C /* TweetMapView.swift */ = {isa = PBXFileReference; fileEncoding = 4; lastKnownFileType = sourcecode.swift; path = TweetMapView.swift; sourceTree = "<group>"; };
		62573A2F26973C1500FF507C /* TweetMapViewModel.swift */ = {isa = PBXFileReference; fileEncoding = 4; lastKnownFileType = sourcecode.swift; path = TweetMapViewModel.swift; sourceTree = "<group>"; };
		62573A3C269741A600FF507C /* Storyboard.swift */ = {isa = PBXFileReference; lastKnownFileType = sourcecode.swift; path = Storyboard.swift; sourceTree = "<group>"; };
		62573A3F269741DA00FF507C /* Instantiatable.swift */ = {isa = PBXFileReference; lastKnownFileType = sourcecode.swift; path = Instantiatable.swift; sourceTree = "<group>"; };
		62573A44269741FB00FF507C /* Injectable.swift */ = {isa = PBXFileReference; lastKnownFileType = sourcecode.swift; path = Injectable.swift; sourceTree = "<group>"; };
		62573A48269742D300FF507C /* TweetDetailViewModel.swift */ = {isa = PBXFileReference; lastKnownFileType = sourcecode.swift; path = TweetDetailViewModel.swift; sourceTree = "<group>"; };
		62573A4C2697453000FF507C /* UIViewController.swift */ = {isa = PBXFileReference; lastKnownFileType = sourcecode.swift; path = UIViewController.swift; sourceTree = "<group>"; };
		62573A4F2697459400FF507C /* ViewLoadBeforeInject.swift Go to file  ViewLoadBeforeInject.swift */ = {isa = PBXFileReference; lastKnownFileType = sourcecode.swift; path = "ViewLoadBeforeInject.swift Go to file  ViewLoadBeforeInject.swift"; sourceTree = "<group>"; };
		62573A542697643F00FF507C /* NetworkServiceProvider.swift */ = {isa = PBXFileReference; lastKnownFileType = sourcecode.swift; path = NetworkServiceProvider.swift; sourceTree = "<group>"; };
		62573A582697671B00FF507C /* NetworkService.swift */ = {isa = PBXFileReference; lastKnownFileType = sourcecode.swift; path = NetworkService.swift; sourceTree = "<group>"; };
		62573A5C2697684300FF507C /* TweetService.swift */ = {isa = PBXFileReference; lastKnownFileType = sourcecode.swift; path = TweetService.swift; sourceTree = "<group>"; };
		62573A652698742600FF507C /* ApiError.swift */ = {isa = PBXFileReference; lastKnownFileType = sourcecode.swift; path = ApiError.swift; sourceTree = "<group>"; };
		62573A682698746100FF507C /* AppError.swift */ = {isa = PBXFileReference; lastKnownFileType = sourcecode.swift; path = AppError.swift; sourceTree = "<group>"; };
		62573A702698A1E100FF507C /* GeoTweet.swift */ = {isa = PBXFileReference; lastKnownFileType = sourcecode.swift; path = GeoTweet.swift; sourceTree = "<group>"; };
		62B2234E269C27C9009BF518 /* TwitterResponse.swift */ = {isa = PBXFileReference; lastKnownFileType = sourcecode.swift; path = TwitterResponse.swift; sourceTree = "<group>"; };
		62B22351269C2A0C009BF518 /* Rule.swift */ = {isa = PBXFileReference; lastKnownFileType = sourcecode.swift; path = Rule.swift; sourceTree = "<group>"; };
		62B22355269C33C9009BF518 /* UIApplication.swift */ = {isa = PBXFileReference; lastKnownFileType = sourcecode.swift; path = UIApplication.swift; sourceTree = "<group>"; };
		62B22359269C3840009BF518 /* AddRule.swift */ = {isa = PBXFileReference; lastKnownFileType = sourcecode.swift; path = AddRule.swift; sourceTree = "<group>"; };
		62B2235C269C3853009BF518 /* RemoveRule.swift */ = {isa = PBXFileReference; lastKnownFileType = sourcecode.swift; path = RemoveRule.swift; sourceTree = "<group>"; };
		DDF68751185E404FFA2D94F5 /* Pods-tweets-map.debug.xcconfig */ = {isa = PBXFileReference; includeInIndex = 1; lastKnownFileType = text.xcconfig; name = "Pods-tweets-map.debug.xcconfig"; path = "Target Support Files/Pods-tweets-map/Pods-tweets-map.debug.xcconfig"; sourceTree = "<group>"; };
/* End PBXFileReference section */

/* Begin PBXFrameworksBuildPhase section */
		625739F62697271F00FF507C /* Frameworks */ = {
			isa = PBXFrameworksBuildPhase;
			buildActionMask = 2147483647;
			files = (
				F894BF7975AD5E7D14BA86A5 /* Pods_tweets_map.framework in Frameworks */,
			);
			runOnlyForDeploymentPostprocessing = 0;
		};
/* End PBXFrameworksBuildPhase section */

/* Begin PBXGroup section */
		33DE435CB1A8DB891DDF1C8D /* Pods */ = {
			isa = PBXGroup;
			children = (
				DDF68751185E404FFA2D94F5 /* Pods-tweets-map.debug.xcconfig */,
				05BCEF1A7D978DE1286D256E /* Pods-tweets-map.release.xcconfig */,
			);
			path = Pods;
			sourceTree = "<group>";
		};
		625739F02697271F00FF507C = {
			isa = PBXGroup;
			children = (
				625739FB2697271F00FF507C /* tweets-map */,
				625739FA2697271F00FF507C /* Products */,
				33DE435CB1A8DB891DDF1C8D /* Pods */,
				898562F574804D59E89FF3D5 /* Frameworks */,
			);
			sourceTree = "<group>";
		};
		625739FA2697271F00FF507C /* Products */ = {
			isa = PBXGroup;
			children = (
				625739F92697271F00FF507C /* tweets-map.app */,
			);
			name = Products;
			sourceTree = "<group>";
		};
		625739FB2697271F00FF507C /* tweets-map */ = {
			isa = PBXGroup;
			children = (
				625739FC2697271F00FF507C /* AppDelegate.swift */,
				62573A022697271F00FF507C /* Main.storyboard */,
				62573A072697272100FF507C /* LaunchScreen.storyboard */,
				623A8F3F26B1A391008BF0F2 /* ImageVC.swift */,
				622B2C7F26B808B20044A2AB /* VideoFileReader.swift */,
				622B2C7B26B8086C0044A2AB /* DecoderViewController.swift */,
				62573A2D26973C1500FF507C /* TweetMapView */,
				62573A2C26973C0B00FF507C /* TweetDetailView */,
				62573A642698741E00FF507C /* Model */,
				62573A532697643800FF507C /* Services */,
				62573A4B2697452100FF507C /* Extensions */,
				62573A2826973BA700FF507C /* Protocols */,
				62573A052697272100FF507C /* Assets.xcassets */,
				62573A0A2697272100FF507C /* Info.plist */,
				6238605F26B812BC004DFD54 /* mtv.h264 */,
			);
			path = "tweets-map";
			sourceTree = "<group>";
		};
		62573A2826973BA700FF507C /* Protocols */ = {
			isa = PBXGroup;
			children = (
				62573A44269741FB00FF507C /* Injectable.swift */,
				62573A3F269741DA00FF507C /* Instantiatable.swift */,
				62573A3C269741A600FF507C /* Storyboard.swift */,
				62573A4F2697459400FF507C /* ViewLoadBeforeInject.swift Go to file  ViewLoadBeforeInject.swift */,
				62573A2926973BBF00FF507C /* ViewModelType.swift */,
			);
			path = Protocols;
			sourceTree = "<group>";
		};
		62573A2C26973C0B00FF507C /* TweetDetailView */ = {
			isa = PBXGroup;
			children = (
				62573A152697298E00FF507C /* TweetDetailView.swift */,
				62573A48269742D300FF507C /* TweetDetailViewModel.swift */,
			);
			name = TweetDetailView;
			path = "tweets-map/TweetDetailView";
			sourceTree = SOURCE_ROOT;
		};
		62573A2D26973C1500FF507C /* TweetMapView */ = {
			isa = PBXGroup;
			children = (
				62573A2E26973C1500FF507C /* TweetMapView.swift */,
				62573A2F26973C1500FF507C /* TweetMapViewModel.swift */,
			);
			path = TweetMapView;
			sourceTree = "<group>";
		};
		62573A4B2697452100FF507C /* Extensions */ = {
			isa = PBXGroup;
			children = (
				62B22355269C33C9009BF518 /* UIApplication.swift */,
				62573A4C2697453000FF507C /* UIViewController.swift */,
			);
			path = Extensions;
			sourceTree = "<group>";
		};
		62573A532697643800FF507C /* Services */ = {
			isa = PBXGroup;
			children = (
				62573A5C2697684300FF507C /* TweetService.swift */,
				62573A582697671B00FF507C /* NetworkService.swift */,
				62573A542697643F00FF507C /* NetworkServiceProvider.swift */,
				6210233326B409A500714327 /* NetworkConnection.swift */,
			);
			path = Services;
			sourceTree = "<group>";
		};
		62573A642698741E00FF507C /* Model */ = {
			isa = PBXGroup;
			children = (
				62B22351269C2A0C009BF518 /* Rule.swift */,
				62B22359269C3840009BF518 /* AddRule.swift */,
				62B2235C269C3853009BF518 /* RemoveRule.swift */,
				62573A702698A1E100FF507C /* GeoTweet.swift */,
				62573A652698742600FF507C /* ApiError.swift */,
				62573A682698746100FF507C /* AppError.swift */,
				62B2234E269C27C9009BF518 /* TwitterResponse.swift */,
			);
			path = Model;
			sourceTree = "<group>";
		};
		898562F574804D59E89FF3D5 /* Frameworks */ = {
			isa = PBXGroup;
			children = (
				4B6A02591EA497406E0375F8 /* Pods_tweets_map.framework */,
			);
			name = Frameworks;
			sourceTree = "<group>";
		};
/* End PBXGroup section */

/* Begin PBXNativeTarget section */
		625739F82697271F00FF507C /* tweets-map */ = {
			isa = PBXNativeTarget;
			buildConfigurationList = 62573A0D2697272100FF507C /* Build configuration list for PBXNativeTarget "tweets-map" */;
			buildPhases = (
				91131A0152C2BF4475BB93A9 /* [CP] Check Pods Manifest.lock */,
				625739F52697271F00FF507C /* Sources */,
				625739F62697271F00FF507C /* Frameworks */,
				625739F72697271F00FF507C /* Resources */,
				B26C1DA14E8343AD44515872 /* [CP] Embed Pods Frameworks */,
			);
			buildRules = (
			);
			dependencies = (
			);
			name = "tweets-map";
			productName = "tweets-map";
			productReference = 625739F92697271F00FF507C /* tweets-map.app */;
			productType = "com.apple.product-type.application";
		};
/* End PBXNativeTarget section */

/* Begin PBXProject section */
		625739F12697271F00FF507C /* Project object */ = {
			isa = PBXProject;
			attributes = {
				LastSwiftUpdateCheck = 1240;
				LastUpgradeCheck = 1240;
				TargetAttributes = {
					625739F82697271F00FF507C = {
						CreatedOnToolsVersion = 12.4;
					};
				};
			};
			buildConfigurationList = 625739F42697271F00FF507C /* Build configuration list for PBXProject "tweets-map" */;
			compatibilityVersion = "Xcode 9.3";
			developmentRegion = en;
			hasScannedForEncodings = 0;
			knownRegions = (
				en,
				Base,
			);
			mainGroup = 625739F02697271F00FF507C;
			productRefGroup = 625739FA2697271F00FF507C /* Products */;
			projectDirPath = "";
			projectRoot = "";
			targets = (
				625739F82697271F00FF507C /* tweets-map */,
			);
		};
/* End PBXProject section */

/* Begin PBXResourcesBuildPhase section */
		625739F72697271F00FF507C /* Resources */ = {
			isa = PBXResourcesBuildPhase;
			buildActionMask = 2147483647;
			files = (
				6238606126B81352004DFD54 /* mtv.h264 in Resources */,
				62573A092697272100FF507C /* LaunchScreen.storyboard in Resources */,
				62573A062697272100FF507C /* Assets.xcassets in Resources */,
				62573A042697271F00FF507C /* Main.storyboard in Resources */,
			);
			runOnlyForDeploymentPostprocessing = 0;
		};
/* End PBXResourcesBuildPhase section */

/* Begin PBXShellScriptBuildPhase section */
		91131A0152C2BF4475BB93A9 /* [CP] Check Pods Manifest.lock */ = {
			isa = PBXShellScriptBuildPhase;
			buildActionMask = 2147483647;
			files = (
			);
			inputFileListPaths = (
			);
			inputPaths = (
				"${PODS_PODFILE_DIR_PATH}/Podfile.lock",
				"${PODS_ROOT}/Manifest.lock",
			);
			name = "[CP] Check Pods Manifest.lock";
			outputFileListPaths = (
			);
			outputPaths = (
				"$(DERIVED_FILE_DIR)/Pods-tweets-map-checkManifestLockResult.txt",
			);
			runOnlyForDeploymentPostprocessing = 0;
			shellPath = /bin/sh;
			shellScript = "diff \"${PODS_PODFILE_DIR_PATH}/Podfile.lock\" \"${PODS_ROOT}/Manifest.lock\" > /dev/null\nif [ $? != 0 ] ; then\n    # print error to STDERR\n    echo \"error: The sandbox is not in sync with the Podfile.lock. Run 'pod install' or update your CocoaPods installation.\" >&2\n    exit 1\nfi\n# This output is used by Xcode 'outputs' to avoid re-running this script phase.\necho \"SUCCESS\" > \"${SCRIPT_OUTPUT_FILE_0}\"\n";
			showEnvVarsInLog = 0;
		};
		B26C1DA14E8343AD44515872 /* [CP] Embed Pods Frameworks */ = {
			isa = PBXShellScriptBuildPhase;
			buildActionMask = 2147483647;
			files = (
			);
			inputFileListPaths = (
				"${PODS_ROOT}/Target Support Files/Pods-tweets-map/Pods-tweets-map-frameworks-${CONFIGURATION}-input-files.xcfilelist",
			);
			name = "[CP] Embed Pods Frameworks";
			outputFileListPaths = (
				"${PODS_ROOT}/Target Support Files/Pods-tweets-map/Pods-tweets-map-frameworks-${CONFIGURATION}-output-files.xcfilelist",
			);
			runOnlyForDeploymentPostprocessing = 0;
			shellPath = /bin/sh;
			shellScript = "\"${PODS_ROOT}/Target Support Files/Pods-tweets-map/Pods-tweets-map-frameworks.sh\"\n";
			showEnvVarsInLog = 0;
		};
/* End PBXShellScriptBuildPhase section */

/* Begin PBXSourcesBuildPhase section */
		625739F52697271F00FF507C /* Sources */ = {
			isa = PBXSourcesBuildPhase;
			buildActionMask = 2147483647;
			files = (
				62B22356269C33C9009BF518 /* UIApplication.swift in Sources */,
				62B2235D269C3853009BF518 /* RemoveRule.swift in Sources */,
				62573A162697298E00FF507C /* TweetDetailView.swift in Sources */,
				62573A3126973C1500FF507C /* TweetMapViewModel.swift in Sources */,
				62573A502697459400FF507C /* ViewLoadBeforeInject.swift Go to file  ViewLoadBeforeInject.swift in Sources */,
				623A8F4026B1A391008BF0F2 /* ImageVC.swift in Sources */,
				62573A49269742D300FF507C /* TweetDetailViewModel.swift in Sources */,
				62B22352269C2A0C009BF518 /* Rule.swift in Sources */,
				62573A692698746100FF507C /* AppError.swift in Sources */,
				625739FD2697271F00FF507C /* AppDelegate.swift in Sources */,
				622B2C8026B808B20044A2AB /* VideoFileReader.swift in Sources */,
				62573A712698A1E100FF507C /* GeoTweet.swift in Sources */,
				62573A552697643F00FF507C /* NetworkServiceProvider.swift in Sources */,
				62573A4D2697453000FF507C /* UIViewController.swift in Sources */,
				62573A5D2697684300FF507C /* TweetService.swift in Sources */,
				62B2234F269C27C9009BF518 /* TwitterResponse.swift in Sources */,
				62573A2A26973BBF00FF507C /* ViewModelType.swift in Sources */,
				62573A45269741FB00FF507C /* Injectable.swift in Sources */,
				62573A3D269741A600FF507C /* Storyboard.swift in Sources */,
				62573A40269741DA00FF507C /* Instantiatable.swift in Sources */,
				622B2C7C26B8086C0044A2AB /* DecoderViewController.swift in Sources */,
				62573A662698742600FF507C /* ApiError.swift in Sources */,
				6210233426B409A500714327 /* NetworkConnection.swift in Sources */,
				62573A592697671B00FF507C /* NetworkService.swift in Sources */,
				62573A3026973C1500FF507C /* TweetMapView.swift in Sources */,
				62B2235A269C3840009BF518 /* AddRule.swift in Sources */,
			);
			runOnlyForDeploymentPostprocessing = 0;
		};
/* End PBXSourcesBuildPhase section */

/* Begin PBXVariantGroup section */
		62573A022697271F00FF507C /* Main.storyboard */ = {
			isa = PBXVariantGroup;
			children = (
				62573A032697271F00FF507C /* Base */,
			);
			name = Main.storyboard;
			sourceTree = "<group>";
		};
		62573A072697272100FF507C /* LaunchScreen.storyboard */ = {
			isa = PBXVariantGroup;
			children = (
				62573A082697272100FF507C /* Base */,
			);
			name = LaunchScreen.storyboard;
			sourceTree = "<group>";
		};
/* End PBXVariantGroup section */

/* Begin XCBuildConfiguration section */
		62573A0B2697272100FF507C /* Debug */ = {
			isa = XCBuildConfiguration;
			buildSettings = {
				ALWAYS_SEARCH_USER_PATHS = NO;
				CLANG_ANALYZER_NONNULL = YES;
				CLANG_ANALYZER_NUMBER_OBJECT_CONVERSION = YES_AGGRESSIVE;
				CLANG_CXX_LANGUAGE_STANDARD = "gnu++14";
				CLANG_CXX_LIBRARY = "libc++";
				CLANG_ENABLE_MODULES = YES;
				CLANG_ENABLE_OBJC_ARC = YES;
				CLANG_ENABLE_OBJC_WEAK = YES;
				CLANG_WARN_BLOCK_CAPTURE_AUTORELEASING = YES;
				CLANG_WARN_BOOL_CONVERSION = YES;
				CLANG_WARN_COMMA = YES;
				CLANG_WARN_CONSTANT_CONVERSION = YES;
				CLANG_WARN_DEPRECATED_OBJC_IMPLEMENTATIONS = YES;
				CLANG_WARN_DIRECT_OBJC_ISA_USAGE = YES_ERROR;
				CLANG_WARN_DOCUMENTATION_COMMENTS = YES;
				CLANG_WARN_EMPTY_BODY = YES;
				CLANG_WARN_ENUM_CONVERSION = YES;
				CLANG_WARN_INFINITE_RECURSION = YES;
				CLANG_WARN_INT_CONVERSION = YES;
				CLANG_WARN_NON_LITERAL_NULL_CONVERSION = YES;
				CLANG_WARN_OBJC_IMPLICIT_RETAIN_SELF = YES;
				CLANG_WARN_OBJC_LITERAL_CONVERSION = YES;
				CLANG_WARN_OBJC_ROOT_CLASS = YES_ERROR;
				CLANG_WARN_QUOTED_INCLUDE_IN_FRAMEWORK_HEADER = YES;
				CLANG_WARN_RANGE_LOOP_ANALYSIS = YES;
				CLANG_WARN_STRICT_PROTOTYPES = YES;
				CLANG_WARN_SUSPICIOUS_MOVE = YES;
				CLANG_WARN_UNGUARDED_AVAILABILITY = YES_AGGRESSIVE;
				CLANG_WARN_UNREACHABLE_CODE = YES;
				CLANG_WARN__DUPLICATE_METHOD_MATCH = YES;
				COPY_PHASE_STRIP = NO;
				DEBUG_INFORMATION_FORMAT = dwarf;
				ENABLE_STRICT_OBJC_MSGSEND = YES;
				ENABLE_TESTABILITY = YES;
				GCC_C_LANGUAGE_STANDARD = gnu11;
				GCC_DYNAMIC_NO_PIC = NO;
				GCC_NO_COMMON_BLOCKS = YES;
				GCC_OPTIMIZATION_LEVEL = 0;
				GCC_PREPROCESSOR_DEFINITIONS = (
					"DEBUG=1",
					"$(inherited)",
				);
				GCC_WARN_64_TO_32_BIT_CONVERSION = YES;
				GCC_WARN_ABOUT_RETURN_TYPE = YES_ERROR;
				GCC_WARN_UNDECLARED_SELECTOR = YES;
				GCC_WARN_UNINITIALIZED_AUTOS = YES_AGGRESSIVE;
				GCC_WARN_UNUSED_FUNCTION = YES;
				GCC_WARN_UNUSED_VARIABLE = YES;
				IPHONEOS_DEPLOYMENT_TARGET = 14.4;
				MTL_ENABLE_DEBUG_INFO = INCLUDE_SOURCE;
				MTL_FAST_MATH = YES;
				ONLY_ACTIVE_ARCH = YES;
				SDKROOT = iphoneos;
				SWIFT_ACTIVE_COMPILATION_CONDITIONS = DEBUG;
				SWIFT_OPTIMIZATION_LEVEL = "-Onone";
			};
			name = Debug;
		};
		62573A0C2697272100FF507C /* Release */ = {
			isa = XCBuildConfiguration;
			buildSettings = {
				ALWAYS_SEARCH_USER_PATHS = NO;
				CLANG_ANALYZER_NONNULL = YES;
				CLANG_ANALYZER_NUMBER_OBJECT_CONVERSION = YES_AGGRESSIVE;
				CLANG_CXX_LANGUAGE_STANDARD = "gnu++14";
				CLANG_CXX_LIBRARY = "libc++";
				CLANG_ENABLE_MODULES = YES;
				CLANG_ENABLE_OBJC_ARC = YES;
				CLANG_ENABLE_OBJC_WEAK = YES;
				CLANG_WARN_BLOCK_CAPTURE_AUTORELEASING = YES;
				CLANG_WARN_BOOL_CONVERSION = YES;
				CLANG_WARN_COMMA = YES;
				CLANG_WARN_CONSTANT_CONVERSION = YES;
				CLANG_WARN_DEPRECATED_OBJC_IMPLEMENTATIONS = YES;
				CLANG_WARN_DIRECT_OBJC_ISA_USAGE = YES_ERROR;
				CLANG_WARN_DOCUMENTATION_COMMENTS = YES;
				CLANG_WARN_EMPTY_BODY = YES;
				CLANG_WARN_ENUM_CONVERSION = YES;
				CLANG_WARN_INFINITE_RECURSION = YES;
				CLANG_WARN_INT_CONVERSION = YES;
				CLANG_WARN_NON_LITERAL_NULL_CONVERSION = YES;
				CLANG_WARN_OBJC_IMPLICIT_RETAIN_SELF = YES;
				CLANG_WARN_OBJC_LITERAL_CONVERSION = YES;
				CLANG_WARN_OBJC_ROOT_CLASS = YES_ERROR;
				CLANG_WARN_QUOTED_INCLUDE_IN_FRAMEWORK_HEADER = YES;
				CLANG_WARN_RANGE_LOOP_ANALYSIS = YES;
				CLANG_WARN_STRICT_PROTOTYPES = YES;
				CLANG_WARN_SUSPICIOUS_MOVE = YES;
				CLANG_WARN_UNGUARDED_AVAILABILITY = YES_AGGRESSIVE;
				CLANG_WARN_UNREACHABLE_CODE = YES;
				CLANG_WARN__DUPLICATE_METHOD_MATCH = YES;
				COPY_PHASE_STRIP = NO;
				DEBUG_INFORMATION_FORMAT = "dwarf-with-dsym";
				ENABLE_NS_ASSERTIONS = NO;
				ENABLE_STRICT_OBJC_MSGSEND = YES;
				GCC_C_LANGUAGE_STANDARD = gnu11;
				GCC_NO_COMMON_BLOCKS = YES;
				GCC_WARN_64_TO_32_BIT_CONVERSION = YES;
				GCC_WARN_ABOUT_RETURN_TYPE = YES_ERROR;
				GCC_WARN_UNDECLARED_SELECTOR = YES;
				GCC_WARN_UNINITIALIZED_AUTOS = YES_AGGRESSIVE;
				GCC_WARN_UNUSED_FUNCTION = YES;
				GCC_WARN_UNUSED_VARIABLE = YES;
				IPHONEOS_DEPLOYMENT_TARGET = 14.4;
				MTL_ENABLE_DEBUG_INFO = NO;
				MTL_FAST_MATH = YES;
				SDKROOT = iphoneos;
				SWIFT_COMPILATION_MODE = wholemodule;
				SWIFT_OPTIMIZATION_LEVEL = "-O";
				VALIDATE_PRODUCT = YES;
			};
			name = Release;
		};
		62573A0E2697272100FF507C /* Debug */ = {
			isa = XCBuildConfiguration;
			baseConfigurationReference = DDF68751185E404FFA2D94F5 /* Pods-tweets-map.debug.xcconfig */;
			buildSettings = {
				ASSETCATALOG_COMPILER_APPICON_NAME = AppIcon;
				ASSETCATALOG_COMPILER_GLOBAL_ACCENT_COLOR_NAME = AccentColor;
				CODE_SIGN_STYLE = Automatic;
				DEVELOPMENT_TEAM = MXHD4G8GB5;
				INFOPLIST_FILE = "tweets-map/Info.plist";
				IPHONEOS_DEPLOYMENT_TARGET = 13.0;
				LD_RUNPATH_SEARCH_PATHS = (
					"$(inherited)",
					"@executable_path/Frameworks",
				);
				PRODUCT_BUNDLE_IDENTIFIER = "com.at.tweets-map";
				PRODUCT_NAME = "$(TARGET_NAME)";
				SWIFT_VERSION = 4.2;
				TARGETED_DEVICE_FAMILY = 1;
			};
			name = Debug;
		};
		62573A0F2697272100FF507C /* Release */ = {
			isa = XCBuildConfiguration;
			baseConfigurationReference = 05BCEF1A7D978DE1286D256E /* Pods-tweets-map.release.xcconfig */;
			buildSettings = {
				ASSETCATALOG_COMPILER_APPICON_NAME = AppIcon;
				ASSETCATALOG_COMPILER_GLOBAL_ACCENT_COLOR_NAME = AccentColor;
				CODE_SIGN_STYLE = Automatic;
				DEVELOPMENT_TEAM = MXHD4G8GB5;
				INFOPLIST_FILE = "tweets-map/Info.plist";
				IPHONEOS_DEPLOYMENT_TARGET = 13.0;
				LD_RUNPATH_SEARCH_PATHS = (
					"$(inherited)",
					"@executable_path/Frameworks",
				);
				PRODUCT_BUNDLE_IDENTIFIER = "com.at.tweets-map";
				PRODUCT_NAME = "$(TARGET_NAME)";
				SWIFT_VERSION = 4.2;
				TARGETED_DEVICE_FAMILY = 1;
			};
			name = Release;
		};
/* End XCBuildConfiguration section */

/* Begin XCConfigurationList section */
		625739F42697271F00FF507C /* Build configuration list for PBXProject "tweets-map" */ = {
			isa = XCConfigurationList;
			buildConfigurations = (
				62573A0B2697272100FF507C /* Debug */,
				62573A0C2697272100FF507C /* Release */,
			);
			defaultConfigurationIsVisible = 0;
			defaultConfigurationName = Release;
		};
		62573A0D2697272100FF507C /* Build configuration list for PBXNativeTarget "tweets-map" */ = {
			isa = XCConfigurationList;
			buildConfigurations = (
				62573A0E2697272100FF507C /* Debug */,
				62573A0F2697272100FF507C /* Release */,
			);
			defaultConfigurationIsVisible = 0;
			defaultConfigurationName = Release;
		};
/* End XCConfigurationList section */
	};
	rootObject = 625739F12697271F00FF507C /* Project object */;
}
